
Microsoft Visual Studio Solution File, Format Version 12.00
# Visual Studio Version 17
VisualStudioVersion = 17.3.32825.248
MinimumVisualStudioVersion = 10.0.40219.1
Project("{8BC9CEB8-8B4A-11D0-8D11-00A0C91BC942}") = "Payment_a", "Payment_a\Payment_a.vcxproj", "{7043CBD5-841C-4C2F-9AB0-EFA23E5B7F87}"
EndProject
Global
	GlobalSection(SolutionConfigurationPlatforms) = preSolution
		Debug|x64 = Debug|x64
		Debug|x86 = Debug|x86
		Release|x64 = Release|x64
		Release|x86 = Release|x86
	EndGlobalSection
	GlobalSection(ProjectConfigurationPlatforms) = postSolution
		{7043CBD5-841C-4C2F-9AB0-EFA23E5B7F87}.Debug|x64.ActiveCfg = Debug|x64
		{7043CBD5-841C-4C2F-9AB0-EFA23E5B7F87}.Debug|x64.Build.0 = Debug|x64
		{7043CBD5-841C-4C2F-9AB0-EFA23E5B7F87}.Debug|x86.ActiveCfg = Debug|Win32
		{7043CBD5-841C-4C2F-9AB0-EFA23E5B7F87}.Debug|x86.Build.0 = Debug|Win32
		{7043CBD5-841C-4C2F-9AB0-EFA23E5B7F87}.Release|x64.ActiveCfg = Release|x64
		{7043CBD5-841C-4C2F-9AB0-EFA23E5B7F87}.Release|x64.Build.0 = Release|x64
		{7043CBD5-841C-4C2F-9AB0-EFA23E5B7F87}.Release|x86.ActiveCfg = Release|Win32
		{7043CBD5-841C-4C2F-9AB0-EFA23E5B7F87}.Release|x86.Build.0 = Release|Win32
	EndGlobalSection
	GlobalSection(SolutionProperties) = preSolution
		HideSolutionNode = FALSE
	EndGlobalSection
	GlobalSection(ExtensibilityGlobals) = postSolution
		SolutionGuid = {F05E9DC5-31E1-4A88-8DFF-B816A389E33A}
	EndGlobalSection
EndGlobal
